
Microsoft Visual Studio Solution File, Format Version 12.00
# Visual Studio Version 16
VisualStudioVersion = 16.0.810.16
MinimumVisualStudioVersion = 10.0.40219.1
Project("{FAE04EC0-301F-11D3-BF4B-00C04F79EFBC}") = "point-of-sale-system", "point-of-sale-system\point-of-sale-system.csproj", "{43A17633-7F07-4091-A0DE-F926D3C478EF}"
EndProject
Global
	GlobalSection(SolutionConfigurationPlatforms) = preSolution
		Debug|Any CPU = Debug|Any CPU
		Release|Any CPU = Release|Any CPU
	EndGlobalSection
	GlobalSection(ProjectConfigurationPlatforms) = postSolution
		{43A17633-7F07-4091-A0DE-F926D3C478EF}.Debug|Any CPU.ActiveCfg = Debug|Any CPU
		{43A17633-7F07-4091-A0DE-F926D3C478EF}.Debug|Any CPU.Build.0 = Debug|Any CPU
		{43A17633-7F07-4091-A0DE-F926D3C478EF}.Release|Any CPU.ActiveCfg = Release|Any CPU
		{43A17633-7F07-4091-A0DE-F926D3C478EF}.Release|Any CPU.Build.0 = Release|Any CPU
	EndGlobalSection
	GlobalSection(SolutionProperties) = preSolution
		HideSolutionNode = FALSE
	EndGlobalSection
	GlobalSection(ExtensibilityGlobals) = postSolution
		SolutionGuid = {F7127BA4-F2A1-4B18-899D-C68350178563}
	EndGlobalSection
EndGlobal
